<?xml version="1.0" encoding="utf-8"?>
<Project ToolsVersion="4.0" xmlns="http://schemas.microsoft.com/developer/msbuild/2003">
  <ItemGroup>
    <Filter Include="Source Files">
      <UniqueIdentifier>{4FC737F1-C7A5-4376-A066-2A32D752A2FF}</UniqueIdentifier>
      <Extensions>cpp;c;cc;cxx;c++;cppm;ixx;def;odl;idl;hpj;bat;asm;asmx</Extensions>
    </Filter>
    <Filter Include="Header Files">
      <UniqueIdentifier>{93995380-89BD-4b04-88EB-625FBE52EBFB}</UniqueIdentifier>
      <Extensions>h;hh;hpp;hxx;h++;hm;inl;inc;ipp;xsd</Extensions>
    </Filter>
    <Filter Include="Resource Files">
      <UniqueIdentifier>{67DA6AB6-F800-4c08-8B7A-83BB121AAD01}</UniqueIdentifier>
      <Extensions>rc;ico;cur;bmp;dlg;rc2;rct;bin;rgs;gif;jpg;jpeg;jpe;resx;tiff;tif;png;wav;mfcribbon-ms</Extensions>
    </Filter>
    <Filter Include="Header Files\ActivityTracker">
      <UniqueIdentifier>{9e650eda-f43f-4429-addf-f1961bb229da}</UniqueIdentifier>
    </Filter>
    <Filter Include="Source Files\ActivityTracker">
      <UniqueIdentifier>{5c198148-4d81-4e95-af0b-a63012fbdd77}</UniqueIdentifier>
    </Filter>
    <Filter Include="Header Files\ActivityTracker\NpcTracker">
      <UniqueIdentifier>{64797b5c-88f8-4b1c-a6e8-531a10286c0c}</UniqueIdentifier>
    </Filter>
    <Filter Include="Source Files\ActivityTracker\NpcTracker">
      <UniqueIdentifier>{a8b58142-e6ba-42f6-b0a5-152ffb031cb1}</UniqueIdentifier>
    </Filter>
  </ItemGroup>
  <ItemGroup>
    <ClInclude Include="Boon.h">
      <Filter>Header Files</Filter>
    </ClInclude>
    <ClInclude Include="BoonDef.h">
      <Filter>Header Files</Filter>
    </ClInclude>
    <ClInclude Include="BoonWindow.h">
      <Filter>Header Files</Filter>
    </ClInclude>
    <ClInclude Include="BoonWindowHandler.h">
      <Filter>Header Files</Filter>
    </ClInclude>
    <ClInclude Include="BoonWindowTable.h">
      <Filter>Header Files</Filter>
    </ClInclude>
    <ClInclude Include="GlobalObjects.h">
      <Filter>Header Files</Filter>
    </ClInclude>
    <ClInclude Include="History.h">
      <Filter>Header Files</Filter>
    </ClInclude>
    <ClInclude Include="Player.h">
      <Filter>Header Files</Filter>
    </ClInclude>
    <ClInclude Include="Settings.h">
      <Filter>Header Files</Filter>
    </ClInclude>
    <ClInclude Include="Tracker.h">
      <Filter>Header Files</Filter>
    </ClInclude>
    <ClInclude Include="Logger.h">
      <Filter>Header Files</Filter>
    </ClInclude>
    <ClInclude Include="ITracker.h">
      <Filter>Header Files</Filter>
    </ClInclude>
    <ClInclude Include="IPlayer.h">
      <Filter>Header Files</Filter>
    </ClInclude>
    <ClInclude Include="HistoryTracker.h">
      <Filter>Header Files</Filter>
    </ClInclude>
    <ClInclude Include="HistoryPlayer.h">
      <Filter>Header Files</Filter>
    </ClInclude>
    <ClInclude Include="Activity\IActivityTracker.h">
      <Filter>Header Files\ActivityTracker</Filter>
    </ClInclude>
    <ClInclude Include="Activity\RaidActivity.h">
      <Filter>Header Files\ActivityTracker</Filter>
    </ClInclude>
    <ClInclude Include="Activity\IffActivity.h">
      <Filter>Header Files\ActivityTracker</Filter>
    </ClInclude>
    <ClInclude Include="Activity\Activities.h">
      <Filter>Header Files\ActivityTracker</Filter>
    </ClInclude>
    <ClInclude Include="Activity\IffNpcTracker.h">
      <Filter>Header Files\ActivityTracker\NpcTracker</Filter>
    </ClInclude>
    <ClInclude Include="Activity\NpcUpdateTracker.h">
      <Filter>Header Files\ActivityTracker\NpcTracker</Filter>
    </ClInclude>
    <ClInclude Include="Activity\RaidNpcTracker.h">
      <Filter>Header Files\ActivityTracker\NpcTracker</Filter>
    </ClInclude>
    <ClInclude Include="Activity\TestActivity.h">
      <Filter>Header Files\ActivityTracker</Filter>
    </ClInclude>
  </ItemGroup>
  <ItemGroup>
    <ClCompile Include="Boon.cpp">
      <Filter>Source Files</Filter>
    </ClCompile>
    <ClCompile Include="BoonDef.cpp">
      <Filter>Source Files</Filter>
    </ClCompile>
    <ClCompile Include="BoonWindow.cpp">
      <Filter>Source Files</Filter>
    </ClCompile>
    <ClCompile Include="BoonWindowHandler.cpp">
      <Filter>Source Files</Filter>
    </ClCompile>
    <ClCompile Include="BoonWindowTable.cpp">
      <Filter>Source Files</Filter>
    </ClCompile>
    <ClCompile Include="libmain.cpp">
      <Filter>Source Files</Filter>
    </ClCompile>
    <ClCompile Include="GlobalObjects.cpp">
      <Filter>Source Files</Filter>
    </ClCompile>
    <ClCompile Include="History.cpp">
      <Filter>Source Files</Filter>
    </ClCompile>
    <ClCompile Include="Player.cpp">
      <Filter>Source Files</Filter>
    </ClCompile>
    <ClCompile Include="Settings.cpp">
      <Filter>Source Files</Filter>
    </ClCompile>
    <ClCompile Include="Tracker.cpp">
      <Filter>Source Files</Filter>
    </ClCompile>
    <ClCompile Include="Logger.cpp">
      <Filter>Source Files</Filter>
    </ClCompile>
    <ClCompile Include="HistoryTracker.cpp">
      <Filter>Source Files</Filter>
    </ClCompile>
    <ClCompile Include="HistoryPlayer.cpp">
      <Filter>Source Files</Filter>
    </ClCompile>
    <ClCompile Include="Activity\IActivityTracker.cpp">
      <Filter>Source Files\ActivityTracker</Filter>
    </ClCompile>
    <ClCompile Include="Activity\RaidActivity.cpp">
      <Filter>Source Files\ActivityTracker</Filter>
    </ClCompile>
    <ClCompile Include="Activity\IffActivity.cpp">
      <Filter>Source Files\ActivityTracker</Filter>
    </ClCompile>
    <ClCompile Include="Activity\RaidNpcTracker.cpp">
      <Filter>Source Files\ActivityTracker\NpcTracker</Filter>
    </ClCompile>
    <ClCompile Include="Activity\NpcUpdateTracker.cpp">
      <Filter>Source Files\ActivityTracker\NpcTracker</Filter>
    </ClCompile>
  </ItemGroup>
</Project>